// !$*UTF8*$!
{
	archiveVersion = 1;
	classes = {
	};
	objectVersion = 56;
	objects = {

/* Begin PBXBuildFile section */
		496FD3C02C78618E008C1264 /* AppButton.swift in Sources */ = {isa = PBXBuildFile; fileRef = 496FD3BF2C78618E008C1264 /* AppButton.swift */; };
		49E3CB402C776D220074A26D /* ChatterApp.swift in Sources */ = {isa = PBXBuildFile; fileRef = 49E3CB3F2C776D220074A26D /* ChatterApp.swift */; };
		49E3CB462C776D230074A26D /* Assets.xcassets in Resources */ = {isa = PBXBuildFile; fileRef = 49E3CB452C776D230074A26D /* Assets.xcassets */; };
		49E3CB4A2C776D230074A26D /* Preview Assets.xcassets in Resources */ = {isa = PBXBuildFile; fileRef = 49E3CB492C776D230074A26D /* Preview Assets.xcassets */; };
		49E3CB512C776DA40074A26D /* CircularProfileImageView.swift in Sources */ = {isa = PBXBuildFile; fileRef = 49E3CB502C776DA40074A26D /* CircularProfileImageView.swift */; };
		49E3CB542C77719B0074A26D /* NukeUI in Frameworks */ = {isa = PBXBuildFile; productRef = 49E3CB532C77719B0074A26D /* NukeUI */; };
		49E3CB562C7772E80074A26D /* GoogleService-Info.plist in Resources */ = {isa = PBXBuildFile; fileRef = 49E3CB552C7772E80074A26D /* GoogleService-Info.plist */; };
		49E3CB592C7773280074A26D /* FirebaseAuth in Frameworks */ = {isa = PBXBuildFile; productRef = 49E3CB582C7773280074A26D /* FirebaseAuth */; };
		49E3CB5B2C7773280074A26D /* FirebaseFirestore in Frameworks */ = {isa = PBXBuildFile; productRef = 49E3CB5A2C7773280074A26D /* FirebaseFirestore */; };
		49E3CB5D2C7773480074A26D /* AppDelegate.swift in Sources */ = {isa = PBXBuildFile; fileRef = 49E3CB5C2C7773480074A26D /* AppDelegate.swift */; };
		49E3CB5F2C7775EF0074A26D /* FirebaseStorage in Frameworks */ = {isa = PBXBuildFile; productRef = 49E3CB5E2C7775EF0074A26D /* FirebaseStorage */; };
		49E3CB612C777A1E0074A26D /* String+Extension.swift in Sources */ = {isa = PBXBuildFile; fileRef = 49E3CB602C777A1E0074A26D /* String+Extension.swift */; };
		49E3CB632C7787340074A26D /* LoginScreenView.swift in Sources */ = {isa = PBXBuildFile; fileRef = 49E3CB622C7787340074A26D /* LoginScreenView.swift */; };
		49E3CB652C7787E00074A26D /* Constants.swift in Sources */ = {isa = PBXBuildFile; fileRef = 49E3CB642C7787E00074A26D /* Constants.swift */; };
		49E3CB672C778AF60074A26D /* PreferenceKeys.swift in Sources */ = {isa = PBXBuildFile; fileRef = 49E3CB662C778AF60074A26D /* PreferenceKeys.swift */; };
		49E3CB692C778B1F0074A26D /* View+Extension.swift in Sources */ = {isa = PBXBuildFile; fileRef = 49E3CB682C778B1F0074A26D /* View+Extension.swift */; };
		49E3CB6C2C778B7F0074A26D /* AppSettingsManager.swift in Sources */ = {isa = PBXBuildFile; fileRef = 49E3CB6B2C778B7F0074A26D /* AppSettingsManager.swift */; };
		49E3CB6E2C778D290074A26D /* AppTextField.swift in Sources */ = {isa = PBXBuildFile; fileRef = 49E3CB6D2C778D290074A26D /* AppTextField.swift */; };
		49E3CB702C778DE10074A26D /* Font+Extension.swift in Sources */ = {isa = PBXBuildFile; fileRef = 49E3CB6F2C778DE10074A26D /* Font+Extension.swift */; };
		49E3CB872C778E4E0074A26D /* Barlow-Bold.ttf in Resources */ = {isa = PBXBuildFile; fileRef = 49E3CB732C778E4D0074A26D /* Barlow-Bold.ttf */; };
		49E3CB892C778E4E0074A26D /* Barlow-ExtraBold.ttf in Resources */ = {isa = PBXBuildFile; fileRef = 49E3CB752C778E4D0074A26D /* Barlow-ExtraBold.ttf */; };
		49E3CB8D2C778E4E0074A26D /* Barlow-Italic.ttf in Resources */ = {isa = PBXBuildFile; fileRef = 49E3CB792C778E4D0074A26D /* Barlow-Italic.ttf */; };
		49E3CB902C778E4E0074A26D /* Barlow-Medium.ttf in Resources */ = {isa = PBXBuildFile; fileRef = 49E3CB7C2C778E4D0074A26D /* Barlow-Medium.ttf */; };
		49E3CB922C778E4E0074A26D /* Barlow.ttf in Resources */ = {isa = PBXBuildFile; fileRef = 49E3CB7E2C778E4D0074A26D /* Barlow.ttf */; };
		49E3CB932C778E4E0074A26D /* Barlow-SemiBold.ttf in Resources */ = {isa = PBXBuildFile; fileRef = 49E3CB7F2C778E4D0074A26D /* Barlow-SemiBold.ttf */; };
		49E3CB9B2C778FDF0074A26D /* Color+Extension.swift in Sources */ = {isa = PBXBuildFile; fileRef = 49E3CB9A2C778FDF0074A26D /* Color+Extension.swift */; };
		49E3CB9F2C7799410074A26D /* OTPTextFieldView.swift in Sources */ = {isa = PBXBuildFile; fileRef = 49E3CB9E2C7799410074A26D /* OTPTextFieldView.swift */; };
/* End PBXBuildFile section */

/* Begin PBXFileReference section */
		496FD3BF2C78618E008C1264 /* AppButton.swift */ = {isa = PBXFileReference; lastKnownFileType = sourcecode.swift; path = AppButton.swift; sourceTree = "<group>"; };
		49E3CB3C2C776D220074A26D /* Chatter.app */ = {isa = PBXFileReference; explicitFileType = wrapper.application; includeInIndex = 0; path = Chatter.app; sourceTree = BUILT_PRODUCTS_DIR; };
		49E3CB3F2C776D220074A26D /* ChatterApp.swift */ = {isa = PBXFileReference; lastKnownFileType = sourcecode.swift; path = ChatterApp.swift; sourceTree = "<group>"; };
		49E3CB452C776D230074A26D /* Assets.xcassets */ = {isa = PBXFileReference; lastKnownFileType = folder.assetcatalog; path = Assets.xcassets; sourceTree = "<group>"; };
		49E3CB472C776D230074A26D /* Chatter.entitlements */ = {isa = PBXFileReference; lastKnownFileType = text.plist.entitlements; path = Chatter.entitlements; sourceTree = "<group>"; };
		49E3CB492C776D230074A26D /* Preview Assets.xcassets */ = {isa = PBXFileReference; lastKnownFileType = folder.assetcatalog; path = "Preview Assets.xcassets"; sourceTree = "<group>"; };
		49E3CB502C776DA40074A26D /* CircularProfileImageView.swift */ = {isa = PBXFileReference; lastKnownFileType = sourcecode.swift; path = CircularProfileImageView.swift; sourceTree = "<group>"; };
		49E3CB552C7772E80074A26D /* GoogleService-Info.plist */ = {isa = PBXFileReference; fileEncoding = 4; lastKnownFileType = text.plist.xml; path = "GoogleService-Info.plist"; sourceTree = "<group>"; };
		49E3CB5C2C7773480074A26D /* AppDelegate.swift */ = {isa = PBXFileReference; lastKnownFileType = sourcecode.swift; path = AppDelegate.swift; sourceTree = "<group>"; };
		49E3CB602C777A1E0074A26D /* String+Extension.swift */ = {isa = PBXFileReference; lastKnownFileType = sourcecode.swift; path = "String+Extension.swift"; sourceTree = "<group>"; };
		49E3CB622C7787340074A26D /* LoginScreenView.swift */ = {isa = PBXFileReference; lastKnownFileType = sourcecode.swift; path = LoginScreenView.swift; sourceTree = "<group>"; };
		49E3CB642C7787E00074A26D /* Constants.swift */ = {isa = PBXFileReference; lastKnownFileType = sourcecode.swift; path = Constants.swift; sourceTree = "<group>"; };
		49E3CB662C778AF60074A26D /* PreferenceKeys.swift */ = {isa = PBXFileReference; lastKnownFileType = sourcecode.swift; path = PreferenceKeys.swift; sourceTree = "<group>"; };
		49E3CB682C778B1F0074A26D /* View+Extension.swift */ = {isa = PBXFileReference; lastKnownFileType = sourcecode.swift; path = "View+Extension.swift"; sourceTree = "<group>"; };
		49E3CB6B2C778B7F0074A26D /* AppSettingsManager.swift */ = {isa = PBXFileReference; lastKnownFileType = sourcecode.swift; path = AppSettingsManager.swift; sourceTree = "<group>"; };
		49E3CB6D2C778D290074A26D /* AppTextField.swift */ = {isa = PBXFileReference; lastKnownFileType = sourcecode.swift; path = AppTextField.swift; sourceTree = "<group>"; };
		49E3CB6F2C778DE10074A26D /* Font+Extension.swift */ = {isa = PBXFileReference; lastKnownFileType = sourcecode.swift; path = "Font+Extension.swift"; sourceTree = "<group>"; };
		49E3CB732C778E4D0074A26D /* Barlow-Bold.ttf */ = {isa = PBXFileReference; lastKnownFileType = file; path = "Barlow-Bold.ttf"; sourceTree = "<group>"; };
		49E3CB752C778E4D0074A26D /* Barlow-ExtraBold.ttf */ = {isa = PBXFileReference; lastKnownFileType = file; path = "Barlow-ExtraBold.ttf"; sourceTree = "<group>"; };
		49E3CB792C778E4D0074A26D /* Barlow-Italic.ttf */ = {isa = PBXFileReference; lastKnownFileType = file; path = "Barlow-Italic.ttf"; sourceTree = "<group>"; };
		49E3CB7C2C778E4D0074A26D /* Barlow-Medium.ttf */ = {isa = PBXFileReference; lastKnownFileType = file; path = "Barlow-Medium.ttf"; sourceTree = "<group>"; };
		49E3CB7E2C778E4D0074A26D /* Barlow.ttf */ = {isa = PBXFileReference; lastKnownFileType = file; path = Barlow.ttf; sourceTree = "<group>"; };
		49E3CB7F2C778E4D0074A26D /* Barlow-SemiBold.ttf */ = {isa = PBXFileReference; lastKnownFileType = file; path = "Barlow-SemiBold.ttf"; sourceTree = "<group>"; };
		49E3CB992C778EC20074A26D /* Info.plist */ = {isa = PBXFileReference; lastKnownFileType = text.plist; path = Info.plist; sourceTree = "<group>"; };
		49E3CB9A2C778FDF0074A26D /* Color+Extension.swift */ = {isa = PBXFileReference; lastKnownFileType = sourcecode.swift; path = "Color+Extension.swift"; sourceTree = "<group>"; };
		49E3CB9E2C7799410074A26D /* OTPTextFieldView.swift */ = {isa = PBXFileReference; lastKnownFileType = sourcecode.swift; path = OTPTextFieldView.swift; sourceTree = "<group>"; };
/* End PBXFileReference section */

/* Begin PBXFrameworksBuildPhase section */
		49E3CB392C776D220074A26D /* Frameworks */ = {
			isa = PBXFrameworksBuildPhase;
			buildActionMask = 2147483647;
			files = (
				49E3CB542C77719B0074A26D /* NukeUI in Frameworks */,
				49E3CB5F2C7775EF0074A26D /* FirebaseStorage in Frameworks */,
				49E3CB592C7773280074A26D /* FirebaseAuth in Frameworks */,
				49E3CB5B2C7773280074A26D /* FirebaseFirestore in Frameworks */,
			);
			runOnlyForDeploymentPostprocessing = 0;
		};
/* End PBXFrameworksBuildPhase section */

/* Begin PBXGroup section */
		49E3CB332C776D220074A26D = {
			isa = PBXGroup;
			children = (
				49E3CB3E2C776D220074A26D /* Chatter */,
				49E3CB3D2C776D220074A26D /* Products */,
			);
			sourceTree = "<group>";
		};
		49E3CB3D2C776D220074A26D /* Products */ = {
			isa = PBXGroup;
			children = (
				49E3CB3C2C776D220074A26D /* Chatter.app */,
			);
			name = Products;
			sourceTree = "<group>";
		};
		49E3CB3E2C776D220074A26D /* Chatter */ = {
			isa = PBXGroup;
			children = (
				49E3CB5C2C7773480074A26D /* AppDelegate.swift */,
				49E3CB3F2C776D220074A26D /* ChatterApp.swift */,
				49E3CB622C7787340074A26D /* LoginScreenView.swift */,
				49E3CB9C2C7794570074A26D /* UI Helpers */,
				49E3CB9D2C77946D0074A26D /* Utilities */,
				49E3CB6A2C778B230074A26D /* Extensions */,
				49E3CB982C778E520074A26D /* Fonts */,
				49E3CB452C776D230074A26D /* Assets.xcassets */,
				49E3CB992C778EC20074A26D /* Info.plist */,
				49E3CB552C7772E80074A26D /* GoogleService-Info.plist */,
				49E3CB472C776D230074A26D /* Chatter.entitlements */,
				49E3CB482C776D230074A26D /* Preview Content */,
			);
			path = Chatter;
			sourceTree = "<group>";
		};
		49E3CB482C776D230074A26D /* Preview Content */ = {
			isa = PBXGroup;
			children = (
				49E3CB492C776D230074A26D /* Preview Assets.xcassets */,
			);
			path = "Preview Content";
			sourceTree = "<group>";
		};
		49E3CB6A2C778B230074A26D /* Extensions */ = {
			isa = PBXGroup;
			children = (
				49E3CB682C778B1F0074A26D /* View+Extension.swift */,
				49E3CB602C777A1E0074A26D /* String+Extension.swift */,
				49E3CB6F2C778DE10074A26D /* Font+Extension.swift */,
				49E3CB9A2C778FDF0074A26D /* Color+Extension.swift */,
			);
			path = Extensions;
			sourceTree = "<group>";
		};
		49E3CB842C778E4D0074A26D /* Barlow */ = {
			isa = PBXGroup;
			children = (
				49E3CB732C778E4D0074A26D /* Barlow-Bold.ttf */,
				49E3CB752C778E4D0074A26D /* Barlow-ExtraBold.ttf */,
				49E3CB792C778E4D0074A26D /* Barlow-Italic.ttf */,
				49E3CB7C2C778E4D0074A26D /* Barlow-Medium.ttf */,
				49E3CB7E2C778E4D0074A26D /* Barlow.ttf */,
				49E3CB7F2C778E4D0074A26D /* Barlow-SemiBold.ttf */,
			);
			path = Barlow;
			sourceTree = "<group>";
		};
		49E3CB982C778E520074A26D /* Fonts */ = {
			isa = PBXGroup;
			children = (
				49E3CB842C778E4D0074A26D /* Barlow */,
			);
			path = Fonts;
			sourceTree = "<group>";
		};
		49E3CB9C2C7794570074A26D /* UI Helpers */ = {
			isa = PBXGroup;
			children = (
				49E3CB502C776DA40074A26D /* CircularProfileImageView.swift */,
				49E3CB9E2C7799410074A26D /* OTPTextFieldView.swift */,
				49E3CB6D2C778D290074A26D /* AppTextField.swift */,
				496FD3BF2C78618E008C1264 /* AppButton.swift */,
			);
			path = "UI Helpers";
			sourceTree = "<group>";
		};
		49E3CB9D2C77946D0074A26D /* Utilities */ = {
			isa = PBXGroup;
			children = (
				49E3CB662C778AF60074A26D /* PreferenceKeys.swift */,
				49E3CB6B2C778B7F0074A26D /* AppSettingsManager.swift */,
				49E3CB642C7787E00074A26D /* Constants.swift */,
			);
			path = Utilities;
			sourceTree = "<group>";
		};
/* End PBXGroup section */

/* Begin PBXNativeTarget section */
		49E3CB3B2C776D220074A26D /* Chatter */ = {
			isa = PBXNativeTarget;
			buildConfigurationList = 49E3CB4D2C776D230074A26D /* Build configuration list for PBXNativeTarget "Chatter" */;
			buildPhases = (
				49E3CB382C776D220074A26D /* Sources */,
				49E3CB392C776D220074A26D /* Frameworks */,
				49E3CB3A2C776D220074A26D /* Resources */,
			);
			buildRules = (
			);
			dependencies = (
			);
			name = Chatter;
			packageProductDependencies = (
				49E3CB532C77719B0074A26D /* NukeUI */,
				49E3CB582C7773280074A26D /* FirebaseAuth */,
				49E3CB5A2C7773280074A26D /* FirebaseFirestore */,
				49E3CB5E2C7775EF0074A26D /* FirebaseStorage */,
			);
			productName = Chatter;
			productReference = 49E3CB3C2C776D220074A26D /* Chatter.app */;
			productType = "com.apple.product-type.application";
		};
/* End PBXNativeTarget section */

/* Begin PBXProject section */
		49E3CB342C776D220074A26D /* Project object */ = {
			isa = PBXProject;
			attributes = {
				BuildIndependentTargetsInParallel = 1;
				LastSwiftUpdateCheck = 1540;
				LastUpgradeCheck = 1540;
				TargetAttributes = {
					49E3CB3B2C776D220074A26D = {
						CreatedOnToolsVersion = 15.4;
					};
				};
			};
			buildConfigurationList = 49E3CB372C776D220074A26D /* Build configuration list for PBXProject "Chatter" */;
			compatibilityVersion = "Xcode 14.0";
			developmentRegion = en;
			hasScannedForEncodings = 0;
			knownRegions = (
				en,
				Base,
			);
			mainGroup = 49E3CB332C776D220074A26D;
			packageReferences = (
				49E3CB522C77719A0074A26D /* XCRemoteSwiftPackageReference "Nuke" */,
				49E3CB572C7773280074A26D /* XCRemoteSwiftPackageReference "firebase-ios-sdk" */,
			);
			productRefGroup = 49E3CB3D2C776D220074A26D /* Products */;
			projectDirPath = "";
			projectRoot = "";
			targets = (
				49E3CB3B2C776D220074A26D /* Chatter */,
			);
		};
/* End PBXProject section */

/* Begin PBXResourcesBuildPhase section */
		49E3CB3A2C776D220074A26D /* Resources */ = {
			isa = PBXResourcesBuildPhase;
			buildActionMask = 2147483647;
			files = (
				49E3CB4A2C776D230074A26D /* Preview Assets.xcassets in Resources */,
				49E3CB902C778E4E0074A26D /* Barlow-Medium.ttf in Resources */,
				49E3CB892C778E4E0074A26D /* Barlow-ExtraBold.ttf in Resources */,
				49E3CB922C778E4E0074A26D /* Barlow.ttf in Resources */,
				49E3CB872C778E4E0074A26D /* Barlow-Bold.ttf in Resources */,
				49E3CB462C776D230074A26D /* Assets.xcassets in Resources */,
				49E3CB562C7772E80074A26D /* GoogleService-Info.plist in Resources */,
				49E3CB932C778E4E0074A26D /* Barlow-SemiBold.ttf in Resources */,
				49E3CB8D2C778E4E0074A26D /* Barlow-Italic.ttf in Resources */,
			);
			runOnlyForDeploymentPostprocessing = 0;
		};
/* End PBXResourcesBuildPhase section */

/* Begin PBXSourcesBuildPhase section */
		49E3CB382C776D220074A26D /* Sources */ = {
			isa = PBXSourcesBuildPhase;
			buildActionMask = 2147483647;
			files = (
				49E3CB632C7787340074A26D /* LoginScreenView.swift in Sources */,
				49E3CB512C776DA40074A26D /* CircularProfileImageView.swift in Sources */,
				49E3CB702C778DE10074A26D /* Font+Extension.swift in Sources */,
				49E3CB692C778B1F0074A26D /* View+Extension.swift in Sources */,
				49E3CB5D2C7773480074A26D /* AppDelegate.swift in Sources */,
				496FD3C02C78618E008C1264 /* AppButton.swift in Sources */,
				49E3CB672C778AF60074A26D /* PreferenceKeys.swift in Sources */,
				49E3CB612C777A1E0074A26D /* String+Extension.swift in Sources */,
				49E3CB9B2C778FDF0074A26D /* Color+Extension.swift in Sources */,
				49E3CB402C776D220074A26D /* ChatterApp.swift in Sources */,
				49E3CB6C2C778B7F0074A26D /* AppSettingsManager.swift in Sources */,
				49E3CB9F2C7799410074A26D /* OTPTextFieldView.swift in Sources */,
				49E3CB652C7787E00074A26D /* Constants.swift in Sources */,
				49E3CB6E2C778D290074A26D /* AppTextField.swift in Sources */,
			);
			runOnlyForDeploymentPostprocessing = 0;
		};
/* End PBXSourcesBuildPhase section */

/* Begin XCBuildConfiguration section */
		49E3CB4B2C776D230074A26D /* Debug */ = {
			isa = XCBuildConfiguration;
			buildSettings = {
				ALWAYS_SEARCH_USER_PATHS = NO;
				ASSETCATALOG_COMPILER_GENERATE_SWIFT_ASSET_SYMBOL_EXTENSIONS = YES;
				CLANG_ANALYZER_NONNULL = YES;
				CLANG_ANALYZER_NUMBER_OBJECT_CONVERSION = YES_AGGRESSIVE;
				CLANG_CXX_LANGUAGE_STANDARD = "gnu++20";
				CLANG_ENABLE_MODULES = YES;
				CLANG_ENABLE_OBJC_ARC = YES;
				CLANG_ENABLE_OBJC_WEAK = YES;
				CLANG_WARN_BLOCK_CAPTURE_AUTORELEASING = YES;
				CLANG_WARN_BOOL_CONVERSION = YES;
				CLANG_WARN_COMMA = YES;
				CLANG_WARN_CONSTANT_CONVERSION = YES;
				CLANG_WARN_DEPRECATED_OBJC_IMPLEMENTATIONS = YES;
				CLANG_WARN_DIRECT_OBJC_ISA_USAGE = YES_ERROR;
				CLANG_WARN_DOCUMENTATION_COMMENTS = YES;
				CLANG_WARN_EMPTY_BODY = YES;
				CLANG_WARN_ENUM_CONVERSION = YES;
				CLANG_WARN_INFINITE_RECURSION = YES;
				CLANG_WARN_INT_CONVERSION = YES;
				CLANG_WARN_NON_LITERAL_NULL_CONVERSION = YES;
				CLANG_WARN_OBJC_IMPLICIT_RETAIN_SELF = YES;
				CLANG_WARN_OBJC_LITERAL_CONVERSION = YES;
				CLANG_WARN_OBJC_ROOT_CLASS = YES_ERROR;
				CLANG_WARN_QUOTED_INCLUDE_IN_FRAMEWORK_HEADER = YES;
				CLANG_WARN_RANGE_LOOP_ANALYSIS = YES;
				CLANG_WARN_STRICT_PROTOTYPES = YES;
				CLANG_WARN_SUSPICIOUS_MOVE = YES;
				CLANG_WARN_UNGUARDED_AVAILABILITY = YES_AGGRESSIVE;
				CLANG_WARN_UNREACHABLE_CODE = YES;
				CLANG_WARN__DUPLICATE_METHOD_MATCH = YES;
				COPY_PHASE_STRIP = NO;
				DEBUG_INFORMATION_FORMAT = dwarf;
				ENABLE_STRICT_OBJC_MSGSEND = YES;
				ENABLE_TESTABILITY = YES;
				ENABLE_USER_SCRIPT_SANDBOXING = YES;
				GCC_C_LANGUAGE_STANDARD = gnu17;
				GCC_DYNAMIC_NO_PIC = NO;
				GCC_NO_COMMON_BLOCKS = YES;
				GCC_OPTIMIZATION_LEVEL = 0;
				GCC_PREPROCESSOR_DEFINITIONS = (
					"DEBUG=1",
					"$(inherited)",
				);
				GCC_WARN_64_TO_32_BIT_CONVERSION = YES;
				GCC_WARN_ABOUT_RETURN_TYPE = YES_ERROR;
				GCC_WARN_UNDECLARED_SELECTOR = YES;
				GCC_WARN_UNINITIALIZED_AUTOS = YES_AGGRESSIVE;
				GCC_WARN_UNUSED_FUNCTION = YES;
				GCC_WARN_UNUSED_VARIABLE = YES;
				LOCALIZATION_PREFERS_STRING_CATALOGS = YES;
				MTL_ENABLE_DEBUG_INFO = INCLUDE_SOURCE;
				MTL_FAST_MATH = YES;
				ONLY_ACTIVE_ARCH = YES;
				SWIFT_ACTIVE_COMPILATION_CONDITIONS = "DEBUG $(inherited)";
				SWIFT_OPTIMIZATION_LEVEL = "-Onone";
			};
			name = Debug;
		};
		49E3CB4C2C776D230074A26D /* Release */ = {
			isa = XCBuildConfiguration;
			buildSettings = {
				ALWAYS_SEARCH_USER_PATHS = NO;
				ASSETCATALOG_COMPILER_GENERATE_SWIFT_ASSET_SYMBOL_EXTENSIONS = YES;
				CLANG_ANALYZER_NONNULL = YES;
				CLANG_ANALYZER_NUMBER_OBJECT_CONVERSION = YES_AGGRESSIVE;
				CLANG_CXX_LANGUAGE_STANDARD = "gnu++20";
				CLANG_ENABLE_MODULES = YES;
				CLANG_ENABLE_OBJC_ARC = YES;
				CLANG_ENABLE_OBJC_WEAK = YES;
				CLANG_WARN_BLOCK_CAPTURE_AUTORELEASING = YES;
				CLANG_WARN_BOOL_CONVERSION = YES;
				CLANG_WARN_COMMA = YES;
				CLANG_WARN_CONSTANT_CONVERSION = YES;
				CLANG_WARN_DEPRECATED_OBJC_IMPLEMENTATIONS = YES;
				CLANG_WARN_DIRECT_OBJC_ISA_USAGE = YES_ERROR;
				CLANG_WARN_DOCUMENTATION_COMMENTS = YES;
				CLANG_WARN_EMPTY_BODY = YES;
				CLANG_WARN_ENUM_CONVERSION = YES;
				CLANG_WARN_INFINITE_RECURSION = YES;
				CLANG_WARN_INT_CONVERSION = YES;
				CLANG_WARN_NON_LITERAL_NULL_CONVERSION = YES;
				CLANG_WARN_OBJC_IMPLICIT_RETAIN_SELF = YES;
				CLANG_WARN_OBJC_LITERAL_CONVERSION = YES;
				CLANG_WARN_OBJC_ROOT_CLASS = YES_ERROR;
				CLANG_WARN_QUOTED_INCLUDE_IN_FRAMEWORK_HEADER = YES;
				CLANG_WARN_RANGE_LOOP_ANALYSIS = YES;
				CLANG_WARN_STRICT_PROTOTYPES = YES;
				CLANG_WARN_SUSPICIOUS_MOVE = YES;
				CLANG_WARN_UNGUARDED_AVAILABILITY = YES_AGGRESSIVE;
				CLANG_WARN_UNREACHABLE_CODE = YES;
				CLANG_WARN__DUPLICATE_METHOD_MATCH = YES;
				COPY_PHASE_STRIP = NO;
				DEBUG_INFORMATION_FORMAT = "dwarf-with-dsym";
				ENABLE_NS_ASSERTIONS = NO;
				ENABLE_STRICT_OBJC_MSGSEND = YES;
				ENABLE_USER_SCRIPT_SANDBOXING = YES;
				GCC_C_LANGUAGE_STANDARD = gnu17;
				GCC_NO_COMMON_BLOCKS = YES;
				GCC_WARN_64_TO_32_BIT_CONVERSION = YES;
				GCC_WARN_ABOUT_RETURN_TYPE = YES_ERROR;
				GCC_WARN_UNDECLARED_SELECTOR = YES;
				GCC_WARN_UNINITIALIZED_AUTOS = YES_AGGRESSIVE;
				GCC_WARN_UNUSED_FUNCTION = YES;
				GCC_WARN_UNUSED_VARIABLE = YES;
				LOCALIZATION_PREFERS_STRING_CATALOGS = YES;
				MTL_ENABLE_DEBUG_INFO = NO;
				MTL_FAST_MATH = YES;
				SWIFT_COMPILATION_MODE = wholemodule;
			};
			name = Release;
		};
		49E3CB4E2C776D230074A26D /* Debug */ = {
			isa = XCBuildConfiguration;
			buildSettings = {
				ASSETCATALOG_COMPILER_APPICON_NAME = AppIcon;
				ASSETCATALOG_COMPILER_GLOBAL_ACCENT_COLOR_NAME = AccentColor;
				CODE_SIGN_ENTITLEMENTS = Chatter/Chatter.entitlements;
				CODE_SIGN_STYLE = Automatic;
				CURRENT_PROJECT_VERSION = 1;
				DEVELOPMENT_ASSET_PATHS = "\"Chatter/Preview Content\"";
				DEVELOPMENT_TEAM = 5UG72555N8;
				ENABLE_HARDENED_RUNTIME = NO;
				ENABLE_PREVIEWS = YES;
				GENERATE_INFOPLIST_FILE = YES;
				INFOPLIST_FILE = Chatter/Info.plist;
				"INFOPLIST_KEY_UIApplicationSceneManifest_Generation[sdk=iphoneos*]" = YES;
				"INFOPLIST_KEY_UIApplicationSceneManifest_Generation[sdk=iphonesimulator*]" = YES;
				"INFOPLIST_KEY_UIApplicationSupportsIndirectInputEvents[sdk=iphoneos*]" = YES;
				"INFOPLIST_KEY_UIApplicationSupportsIndirectInputEvents[sdk=iphonesimulator*]" = YES;
				"INFOPLIST_KEY_UILaunchScreen_Generation[sdk=iphoneos*]" = YES;
				"INFOPLIST_KEY_UILaunchScreen_Generation[sdk=iphonesimulator*]" = YES;
				"INFOPLIST_KEY_UIStatusBarStyle[sdk=iphoneos*]" = UIStatusBarStyleDefault;
				"INFOPLIST_KEY_UIStatusBarStyle[sdk=iphonesimulator*]" = UIStatusBarStyleDefault;
				INFOPLIST_KEY_UISupportedInterfaceOrientations = UIInterfaceOrientationPortrait;
				INFOPLIST_KEY_UISupportedInterfaceOrientations_iPad = "UIInterfaceOrientationLandscapeLeft UIInterfaceOrientationLandscapeRight UIInterfaceOrientationPortrait UIInterfaceOrientationPortraitUpsideDown";
				IPHONEOS_DEPLOYMENT_TARGET = 16.0;
				LD_RUNPATH_SEARCH_PATHS = "@executable_path/Frameworks";
				"LD_RUNPATH_SEARCH_PATHS[sdk=macosx*]" = "@executable_path/../Frameworks";
				MACOSX_DEPLOYMENT_TARGET = 14.0;
				MARKETING_VERSION = 1.0;
				PRODUCT_BUNDLE_IDENTIFIER = com.rz.Chatter;
				PRODUCT_NAME = "$(TARGET_NAME)";
				SDKROOT = auto;
				SUPPORTED_PLATFORMS = "iphoneos iphonesimulator";
				SUPPORTS_MACCATALYST = NO;
				SWIFT_EMIT_LOC_STRINGS = YES;
				SWIFT_VERSION = 5.0;
				TARGETED_DEVICE_FAMILY = 1;
			};
			name = Debug;
		};
		49E3CB4F2C776D230074A26D /* Release */ = {
			isa = XCBuildConfiguration;
			buildSettings = {
				ASSETCATALOG_COMPILER_APPICON_NAME = AppIcon;
				ASSETCATALOG_COMPILER_GLOBAL_ACCENT_COLOR_NAME = AccentColor;
				CODE_SIGN_ENTITLEMENTS = Chatter/Chatter.entitlements;
				CODE_SIGN_STYLE = Automatic;
				CURRENT_PROJECT_VERSION = 1;
				DEVELOPMENT_ASSET_PATHS = "\"Chatter/Preview Content\"";
				DEVELOPMENT_TEAM = 5UG72555N8;
				ENABLE_HARDENED_RUNTIME = NO;
				ENABLE_PREVIEWS = YES;
				GENERATE_INFOPLIST_FILE = YES;
				INFOPLIST_FILE = Chatter/Info.plist;
				"INFOPLIST_KEY_UIApplicationSceneManifest_Generation[sdk=iphoneos*]" = YES;
				"INFOPLIST_KEY_UIApplicationSceneManifest_Generation[sdk=iphonesimulator*]" = YES;
				"INFOPLIST_KEY_UIApplicationSupportsIndirectInputEvents[sdk=iphoneos*]" = YES;
				"INFOPLIST_KEY_UIApplicationSupportsIndirectInputEvents[sdk=iphonesimulator*]" = YES;
				"INFOPLIST_KEY_UILaunchScreen_Generation[sdk=iphoneos*]" = YES;
				"INFOPLIST_KEY_UILaunchScreen_Generation[sdk=iphonesimulator*]" = YES;
				"INFOPLIST_KEY_UIStatusBarStyle[sdk=iphoneos*]" = UIStatusBarStyleDefault;
				"INFOPLIST_KEY_UIStatusBarStyle[sdk=iphonesimulator*]" = UIStatusBarStyleDefault;
				INFOPLIST_KEY_UISupportedInterfaceOrientations = UIInterfaceOrientationPortrait;
				INFOPLIST_KEY_UISupportedInterfaceOrientations_iPad = "UIInterfaceOrientationLandscapeLeft UIInterfaceOrientationLandscapeRight UIInterfaceOrientationPortrait UIInterfaceOrientationPortraitUpsideDown";
				IPHONEOS_DEPLOYMENT_TARGET = 16.0;
				LD_RUNPATH_SEARCH_PATHS = "@executable_path/Frameworks";
				"LD_RUNPATH_SEARCH_PATHS[sdk=macosx*]" = "@executable_path/../Frameworks";
				MACOSX_DEPLOYMENT_TARGET = 14.0;
				MARKETING_VERSION = 1.0;
				PRODUCT_BUNDLE_IDENTIFIER = com.rz.Chatter;
				PRODUCT_NAME = "$(TARGET_NAME)";
				SDKROOT = auto;
				SUPPORTED_PLATFORMS = "iphoneos iphonesimulator";
				SUPPORTS_MACCATALYST = NO;
				SWIFT_EMIT_LOC_STRINGS = YES;
				SWIFT_VERSION = 5.0;
				TARGETED_DEVICE_FAMILY = 1;
			};
			name = Release;
		};
/* End XCBuildConfiguration section */

/* Begin XCConfigurationList section */
		49E3CB372C776D220074A26D /* Build configuration list for PBXProject "Chatter" */ = {
			isa = XCConfigurationList;
			buildConfigurations = (
				49E3CB4B2C776D230074A26D /* Debug */,
				49E3CB4C2C776D230074A26D /* Release */,
			);
			defaultConfigurationIsVisible = 0;
			defaultConfigurationName = Release;
		};
		49E3CB4D2C776D230074A26D /* Build configuration list for PBXNativeTarget "Chatter" */ = {
			isa = XCConfigurationList;
			buildConfigurations = (
				49E3CB4E2C776D230074A26D /* Debug */,
				49E3CB4F2C776D230074A26D /* Release */,
			);
			defaultConfigurationIsVisible = 0;
			defaultConfigurationName = Release;
		};
/* End XCConfigurationList section */

/* Begin XCRemoteSwiftPackageReference section */
		49E3CB522C77719A0074A26D /* XCRemoteSwiftPackageReference "Nuke" */ = {
			isa = XCRemoteSwiftPackageReference;
			repositoryURL = "https://github.com/kean/Nuke.git";
			requirement = {
				kind = upToNextMajorVersion;
				minimumVersion = 12.8.0;
			};
		};
		49E3CB572C7773280074A26D /* XCRemoteSwiftPackageReference "firebase-ios-sdk" */ = {
			isa = XCRemoteSwiftPackageReference;
			repositoryURL = "https://github.com/firebase/firebase-ios-sdk.git";
			requirement = {
				kind = upToNextMajorVersion;
				minimumVersion = 11.1.0;
			};
		};
/* End XCRemoteSwiftPackageReference section */

/* Begin XCSwiftPackageProductDependency section */
		49E3CB532C77719B0074A26D /* NukeUI */ = {
			isa = XCSwiftPackageProductDependency;
			package = 49E3CB522C77719A0074A26D /* XCRemoteSwiftPackageReference "Nuke" */;
			productName = NukeUI;
		};
		49E3CB582C7773280074A26D /* FirebaseAuth */ = {
			isa = XCSwiftPackageProductDependency;
			package = 49E3CB572C7773280074A26D /* XCRemoteSwiftPackageReference "firebase-ios-sdk" */;
			productName = FirebaseAuth;
		};
		49E3CB5A2C7773280074A26D /* FirebaseFirestore */ = {
			isa = XCSwiftPackageProductDependency;
			package = 49E3CB572C7773280074A26D /* XCRemoteSwiftPackageReference "firebase-ios-sdk" */;
			productName = FirebaseFirestore;
		};
		49E3CB5E2C7775EF0074A26D /* FirebaseStorage */ = {
			isa = XCSwiftPackageProductDependency;
			package = 49E3CB572C7773280074A26D /* XCRemoteSwiftPackageReference "firebase-ios-sdk" */;
			productName = FirebaseStorage;
		};
/* End XCSwiftPackageProductDependency section */
	};
	rootObject = 49E3CB342C776D220074A26D /* Project object */;
}
